Microsoft Visual Studio Solution File, Format Version 12.00
# Visual Studio Version 17
VisualStudioVersion = 17.5.2.0
MinimumVisualStudioVersion = 10.0.40219.1
Project("{FAE04EC0-301F-11D3-BF4B-00C04F79EFBC}") = "FleetService", "FleetService\FleetService.csproj", "{C784B3A6-FF8F-BB2B-85B6-E97E65B53173}"
EndProject
Global
	GlobalSection(SolutionConfigurationPlatforms) = preSolution
		Debug|Any CPU = Debug|Any CPU
		Release|Any CPU = Release|Any CPU
	EndGlobalSection
	GlobalSection(ProjectConfigurationPlatforms) = postSolution
		{C784B3A6-FF8F-BB2B-85B6-E97E65B53173}.Debug|Any CPU.ActiveCfg = Debug|Any CPU
		{C784B3A6-FF8F-BB2B-85B6-E97E65B53173}.Debug|Any CPU.Build.0 = Debug|Any CPU
		{C784B3A6-FF8F-BB2B-85B6-E97E65B53173}.Release|Any CPU.ActiveCfg = Release|Any CPU
		{C784B3A6-FF8F-BB2B-85B6-E97E65B53173}.Release|Any CPU.Build.0 = Release|Any CPU
	EndGlobalSection
	GlobalSection(SolutionProperties) = preSolution
		HideSolutionNode = FALSE
	EndGlobalSection
	GlobalSection(ExtensibilityGlobals) = postSolution
		SolutionGuid = {12ADE742-9508-4D95-A9FA-5E374DC86E8E}
	EndGlobalSection
EndGlobal
